# This file is automatically @generated by Poetry 1.8.3 and should not be changed by hand.

[[package]]
name = "isort"
version = "5.13.2"
description = "A Python utility / library to sort Python imports."
optional = false
python-versions = ">=3.8.0"
files = [
    {file = "isort-5.13.2-py3-none-any.whl", hash = "sha256:8ca5e72a8d85860d5a3fa69b8745237f2939afe12dbf656afbcb47fe72d947a6"},
    {file = "isort-5.13.2.tar.gz", hash = "sha256:48fdfcb9face5d58a4f6dde2e72a1fb8dcaf8ab26f95ab49fab84c2ddefb0109"},
]

[package.extras]
colors = ["colorama (>=0.4.6)"]

[[package]]
name = "minimalmodbus"
version = "2.1.1"
description = "Easy-to-use Modbus RTU and Modbus ASCII implementation for Python"
optional = false
python-versions = ">=3.8"
files = [
    {file = "minimalmodbus-2.1.1-py3-none-any.whl", hash = "sha256:75c677e2f3ea901b762f8b2ab7cf8ad84de915bbea275d66e30b724e23887b1a"},
    {file = "minimalmodbus-2.1.1.tar.gz", hash = "sha256:c3f5a56e107d537e4bb420f7e735841ab2939c8ca6fb528f5fe4124571315b64"},
]

[package.dependencies]
pyserial = ">=3.0"

[[package]]
name = "pyserial"
version = "3.5"
description = "Python Serial Port Extension"
optional = false
python-versions = "*"
files = [
    {file = "pyserial-3.5-py2.py3-none-any.whl", hash = "sha256:c4451db6ba391ca6ca299fb3ec7bae67a5c55dde170964c7a14ceefec02f2cf0"},
    {file = "pyserial-3.5.tar.gz", hash = "sha256:3c77e014170dfffbd816e6ffc205e9842efb10be9f58ec16d3e8675b4925cddb"},
]

[package.extras]
cp2110 = ["hidapi"]

[[package]]
name = "structlog"
version = "24.4.0"
description = "Structured Logging for Python"
optional = false
python-versions = ">=3.8"
files = [
    {file = "structlog-24.4.0-py3-none-any.whl", hash = "sha256:597f61e80a91cc0749a9fd2a098ed76715a1c8a01f73e336b746504d1aad7610"},
    {file = "structlog-24.4.0.tar.gz", hash = "sha256:b27bfecede327a6d2da5fbc96bd859f114ecc398a6389d664f62085ee7ae6fc4"},
]

[package.extras]
dev = ["freezegun (>=0.2.8)", "mypy (>=1.4)", "pretend", "pytest (>=6.0)", "pytest-asyncio (>=0.17)", "rich", "simplejson", "twisted"]
docs = ["cogapp", "furo", "myst-parser", "sphinx", "sphinx-notfound-page", "sphinxcontrib-mermaid", "sphinxext-opengraph", "twisted"]
tests = ["freezegun (>=0.2.8)", "pretend", "pytest (>=6.0)", "pytest-asyncio (>=0.17)", "simplejson"]
typing = ["mypy (>=1.4)", "rich", "twisted"]

[metadata]
lock-version = "2.0"
python-versions = "^3.12"
content-hash = "a7a755162e14f2dc38db1c15c354c9b3ebea770e91263d019dbacbfb6c8154e2"
